
Microsoft Visual Studio Solution File, Format Version 12.00
# Visual Studio 2013
VisualStudioVersion = 12.0.31101.0
MinimumVisualStudioVersion = 10.0.40219.1
Project("{FAE04EC0-301F-11D3-BF4B-00C04F79EFBC}") = "FootballManager.DAL", "FootballManager.DAL\FootballManager.DAL.csproj", "{C1AC2C33-53C3-4981-AD46-6C056E7FD51D}"
EndProject
Project("{2150E333-8FDC-42A3-9474-1A3956D46DE8}") = ".nuget", ".nuget", "{500474B4-35BA-431E-8E8F-9700D024D360}"
	ProjectSection(SolutionItems) = preProject
		.nuget\NuGet.Config = .nuget\NuGet.Config
		.nuget\NuGet.exe = .nuget\NuGet.exe
		.nuget\NuGet.targets = .nuget\NuGet.targets
	EndProjectSection
EndProject
Project("{FAE04EC0-301F-11D3-BF4B-00C04F79EFBC}") = "FootballManager.Web", "FootballManager.Web\FootballManager.Web.csproj", "{1EBD8C79-CD56-4EEE-83B8-ED3424D25ABB}"
EndProject
Project("{2150E333-8FDC-42A3-9474-1A3956D46DE8}") = "Solution Items", "Solution Items", "{923D5DD4-FBDB-4017-B409-0ECB2AFD91B2}"
	ProjectSection(SolutionItems) = preProject
		plan.txt = plan.txt
		Курсак.docx = Курсак.docx
	EndProjectSection
EndProject
Project("{FAE04EC0-301F-11D3-BF4B-00C04F79EFBC}") = "FootballManager.Web.Test", "FootballManager.Web.Test\FootballManager.Web.Test.csproj", "{A3C16C87-5CAF-47BB-A7A8-63E122522B72}"
EndProject
Project("{00D1A9C2-B5F0-4AF3-8072-F6C62B433612}") = "FootballManager.Database", "FootballManager.Database\FootballManager.Database.sqlproj", "{39A1D838-7EA1-487E-9F60-12D3ECA31A0C}"
EndProject
Global
	GlobalSection(SolutionConfigurationPlatforms) = preSolution
		Debug|Any CPU = Debug|Any CPU
		Release|Any CPU = Release|Any CPU
	EndGlobalSection
	GlobalSection(ProjectConfigurationPlatforms) = postSolution
		{C1AC2C33-53C3-4981-AD46-6C056E7FD51D}.Debug|Any CPU.ActiveCfg = Debug|Any CPU
		{C1AC2C33-53C3-4981-AD46-6C056E7FD51D}.Debug|Any CPU.Build.0 = Debug|Any CPU
		{C1AC2C33-53C3-4981-AD46-6C056E7FD51D}.Release|Any CPU.ActiveCfg = Release|Any CPU
		{C1AC2C33-53C3-4981-AD46-6C056E7FD51D}.Release|Any CPU.Build.0 = Release|Any CPU
		{1EBD8C79-CD56-4EEE-83B8-ED3424D25ABB}.Debug|Any CPU.ActiveCfg = Debug|Any CPU
		{1EBD8C79-CD56-4EEE-83B8-ED3424D25ABB}.Debug|Any CPU.Build.0 = Debug|Any CPU
		{1EBD8C79-CD56-4EEE-83B8-ED3424D25ABB}.Release|Any CPU.ActiveCfg = Release|Any CPU
		{1EBD8C79-CD56-4EEE-83B8-ED3424D25ABB}.Release|Any CPU.Build.0 = Release|Any CPU
		{A3C16C87-5CAF-47BB-A7A8-63E122522B72}.Debug|Any CPU.ActiveCfg = Debug|Any CPU
		{A3C16C87-5CAF-47BB-A7A8-63E122522B72}.Debug|Any CPU.Build.0 = Debug|Any CPU
		{A3C16C87-5CAF-47BB-A7A8-63E122522B72}.Release|Any CPU.ActiveCfg = Release|Any CPU
		{A3C16C87-5CAF-47BB-A7A8-63E122522B72}.Release|Any CPU.Build.0 = Release|Any CPU
		{39A1D838-7EA1-487E-9F60-12D3ECA31A0C}.Debug|Any CPU.ActiveCfg = Debug|Any CPU
		{39A1D838-7EA1-487E-9F60-12D3ECA31A0C}.Debug|Any CPU.Build.0 = Debug|Any CPU
		{39A1D838-7EA1-487E-9F60-12D3ECA31A0C}.Debug|Any CPU.Deploy.0 = Debug|Any CPU
		{39A1D838-7EA1-487E-9F60-12D3ECA31A0C}.Release|Any CPU.ActiveCfg = Release|Any CPU
		{39A1D838-7EA1-487E-9F60-12D3ECA31A0C}.Release|Any CPU.Build.0 = Release|Any CPU
		{39A1D838-7EA1-487E-9F60-12D3ECA31A0C}.Release|Any CPU.Deploy.0 = Release|Any CPU
	EndGlobalSection
	GlobalSection(SolutionProperties) = preSolution
		HideSolutionNode = FALSE
	EndGlobalSection
EndGlobal
